
Microsoft Visual Studio Solution File, Format Version 12.00
# Visual Studio 15
VisualStudioVersion = 15.0.28307.489
MinimumVisualStudioVersion = 10.0.40219.1
Project("{9A19103F-16F7-4668-BE54-9A1E7A4F7556}") = "AnyASP", "AnyASP\AnyASP.csproj", "{079D2A6D-3F2B-49EA-B3B7-99030D1B4DBE}"
EndProject
Global
	GlobalSection(SolutionConfigurationPlatforms) = preSolution
		Debug|Any CPU = Debug|Any CPU
		Release|Any CPU = Release|Any CPU
	EndGlobalSection
	GlobalSection(ProjectConfigurationPlatforms) = postSolution
		{079D2A6D-3F2B-49EA-B3B7-99030D1B4DBE}.Debug|Any CPU.ActiveCfg = Debug|Any CPU
		{079D2A6D-3F2B-49EA-B3B7-99030D1B4DBE}.Debug|Any CPU.Build.0 = Debug|Any CPU
		{079D2A6D-3F2B-49EA-B3B7-99030D1B4DBE}.Release|Any CPU.ActiveCfg = Release|Any CPU
		{079D2A6D-3F2B-49EA-B3B7-99030D1B4DBE}.Release|Any CPU.Build.0 = Release|Any CPU
	EndGlobalSection
	GlobalSection(SolutionProperties) = preSolution
		HideSolutionNode = FALSE
	EndGlobalSection
	GlobalSection(ExtensibilityGlobals) = postSolution
		SolutionGuid = {6F24F3A9-8F07-4102-8198-19CEE053D490}
	EndGlobalSection
EndGlobal
